{
  "version": 4,
  "terraform_version": "1.13.4",
  "serial": 1,
  "lineage": "b9d6a2b5-015a-312c-e453-1087730ea1fa",
  "outputs": {},
  "resources": [
    {
      "mode": "managed",
      "type": "aws_vpc",
      "name": "robert-vpc",
      "provider": "provider[\"registry.terraform.io/hashicorp/aws\"]",
      "instances": [
        {
          "schema_version": 1,
          "attributes": {
            "arn": "arn:aws:ec2:eu-north-1:873801382482:vpc/vpc-03ee75ff8fbd0c20e",
            "assign_generated_ipv6_cidr_block": false,
            "cidr_block": "10.123.0.0/16",
            "default_network_acl_id": "acl-0cadbe5ea55ee7d80",
            "default_route_table_id": "rtb-0480ed76bf05b7f36",
            "default_security_group_id": "sg-02815c43fe4274c5e",
            "dhcp_options_id": "dopt-01f1b781796038869",
            "enable_dns_hostnames": true,
            "enable_dns_support": true,
            "enable_network_address_usage_metrics": false,
            "id": "vpc-03ee75ff8fbd0c20e",
            "instance_tenancy": "default",
            "ipv4_ipam_pool_id": null,
            "ipv4_netmask_length": null,
            "ipv6_association_id": "",
            "ipv6_cidr_block": "",
            "ipv6_cidr_block_network_border_group": "",
            "ipv6_ipam_pool_id": "",
            "ipv6_netmask_length": 0,
            "main_route_table_id": "rtb-0480ed76bf05b7f36",
            "owner_id": "873801382482",
            "region": "eu-north-1",
            "tags": {
              "Name": "dev"
            },
            "tags_all": {
              "Name": "dev"
            }
          },
          "sensitive_attributes": [],
          "identity_schema_version": 0,
          "identity": {
            "account_id": "873801382482",
            "id": "vpc-03ee75ff8fbd0c20e",
            "region": "eu-north-1"
          },
          "private": "eyJzY2hlbWFfdmVyc2lvbiI6IjEifQ=="
        }
      ]
    }
  ],
  "check_results": null
}
